#MicroXplorer Configuration settings - do not modify
Mcu.Family=STM32F3
PF7.GPIOParameters=GPIO_Label
ProjectManager.MainLocation=Core/Src
RCC.MCOFreq_Value=72000000
USB_DEVICE.CLASS_NAME_FS=CDC
RCC.USART1Freq_Value=72000000
SPI2.VirtualNSS=VM_NSSHARD
USART2.IPParameters=VirtualMode-Asynchronous
RCC.CortexFreq_Value=72000000
RCC.SDADCPresc=RCC_SDADCSYSCLK_DIV12
ProjectManager.KeepUserCode=true
Mcu.UserName=STM32F373CCTx
SPI2.VirtualType=VM_MASTER
VP_ADC1_TempSens_Input.Mode=IN-TempSens
RCC.PLLCLKFreq_Value=72000000
SH.COMP_DAC21_group.0=DAC2_OUT1,DAC_OUT1
ProjectManager.functionlistsort=1-MX_GPIO_Init-GPIO-false-HAL-true,2-SystemClock_Config-RCC-false-HAL-false,3-MX_I2C1_Init-I2C1-false-HAL-true,4-MX_RTC_Init-RTC-false-HAL-true,5-MX_SDADC1_Init-SDADC1-false-HAL-true,6-MX_ADC1_Init-ADC1-false-HAL-true,7-MX_DAC1_Init-DAC1-false-HAL-true,8-MX_DAC2_Init-DAC2-false-HAL-true,9-MX_SDADC2_Init-SDADC2-false-HAL-true,10-MX_SPI2_Init-SPI2-false-HAL-true,11-MX_USB_DEVICE_Init-USB_DEVICE-false-HAL-false,12-MX_SDADC3_Init-SDADC3-false-HAL-true,13-MX_USART2_UART_Init-USART2-false-HAL-true
PA9.GPIOParameters=GPIO_PuPd,GPIO_Label
VP_RTC_VS_RTC_Activate.Mode=RTC_Enabled
PA11.Mode=Device
RCC.RTCFreq_Value=32768
PA6.GPIO_Label=CH2_VSETDAC
PB0.GPIO_Label=BUTTON_MODE
PB6.GPIO_Label=ENCODER_IN_B
RCC.HSEPLLFreq_Value=8000000
RCC.USART2Freq_Value=36000000
PB15.Signal=SDADC3_AIN7P
PinOutPanel.RotationAngle=0
PF6.GPIO_Label=SDCARD_SCRIPT_LED
RCC.SYSCLKSource=RCC_SYSCLKSOURCE_PLLCLK
ProjectManager.StackSize=0x400
PB5.GPIOParameters=GPIO_PuPd,GPIO_Label
VP_SDADC2_CONF1.Mode=ConfigUn
Mcu.IP4=NVIC
SDADC2.NbrOfConversionFlag=1
Mcu.IP5=RCC
RCC.FCLKCortexFreq_Value=72000000
USB_DEVICE.MANUFACTURER_STRING=ArduCore
Mcu.IP2=DAC2
NVIC.SVCall_IRQn=true\:0\:0\:false\:false\:false\:false\:false
Mcu.IP3=I2C1
PB4.GPIOParameters=GPIO_PuPd,GPIO_Label
Mcu.IP0=ADC1
Mcu.IP1=DAC1
PA12.Signal=USB_DP
Mcu.UserConstants=
PF7.Signal=GPIO_Output
Mcu.ThirdPartyNb=0
RCC.HCLKFreq_Value=72000000
Mcu.IPNb=15
ProjectManager.PreviousToolchain=STM32CubeIDE
RCC.APB2TimFreq_Value=72000000
PB6.Signal=GPIO_Input
ADC1.Channel-2\#ChannelRegularConversion=ADC_CHANNEL_TEMPSENSOR
PD8.GPIOParameters=GPIO_Label
Mcu.Pin6=PA4
PD8.Signal=SDADC3_AIN6P
Mcu.Pin7=PA5
Mcu.Pin8=PA6
Mcu.Pin9=PB0
RCC.AHBFreq_Value=72000000
RCC.TIM2Freq_Value=72000000
Mcu.Pin0=PC14-OSC32_IN
Mcu.Pin1=PC15-OSC32_OUT
GPIO.groupedBy=Group By Peripherals
Mcu.Pin2=PF0-OSC_IN
Mcu.Pin3=PF1-OSC_OUT
RCC.USART3Freq_Value=36000000
Mcu.Pin4=PA2
Mcu.Pin5=PA3
ProjectManager.ProjectBuild=false
RCC.HSE_VALUE=8000000
NVIC.UsageFault_IRQn=true\:0\:0\:false\:false\:true\:false\:false
NVIC.DebugMonitor_IRQn=true\:0\:0\:false\:false\:true\:false\:false
PB2.Signal=SDADC1_AIN4P
Mcu.IP10=SPI2
USART2.VirtualMode-Asynchronous=VM_ASYNC
PA15.Mode=I2C
NVIC.SysTick_IRQn=true\:0\:0\:false\:false\:true\:false\:true
RCC.RTCClockSelection=RCC_RTCCLKSOURCE_LSE
Mcu.IP12=USART2
RCC.PLLMUL=RCC_PLL_MUL9
Mcu.IP11=SYS
ProjectManager.FirmwarePackage=STM32Cube FW_F3 V1.11.1
MxDb.Version=DB.6.0.10
PB0.GPIOParameters=GPIO_PuPd,GPIO_Label
SH.COMP_DAC21_group.ConfNb=1
ADC1.Rank-2\#ChannelRegularConversion=1
Mcu.IP14=USB_DEVICE
Mcu.IP13=USB
ProjectManager.BackupPrevious=false
PF7.GPIO_Label=SDCARD_LOG_LED
PC14-OSC32_IN.Mode=LSE-External-Oscillator
PE9.Signal=SDADC2_AIN7P
PA14.Mode=Serial_Wire
PF0-OSC_IN.Locked=true
PB14.Mode=Full_Duplex_Master
PB1.GPIO_Label=VIN_VREAD_SDADC1
PA5.GPIO_PuPd=GPIO_PULLUP
File.Version=6
SPI2.CalculateBaudRate=18.0 MBits/s
PB3.GPIOParameters=GPIO_Label
PB7.Signal=I2C1_SDA
PB8.Locked=true
PA8.Signal=SPI2_SCK
PB6.Locked=true
NVIC.PendSV_IRQn=true\:0\:0\:false\:false\:false\:false\:false
VP_SDADC1_CONF0.Mode=ConfigZero
PB6.GPIOParameters=GPIO_PuPd,GPIO_Label
ProjectManager.HalAssertFull=false
PB0.Locked=true
ProjectManager.ProjectName=PowerHacker
RCC.PLLMCOFreq_Value=36000000
Mcu.Package=LQFP48
PB9.Signal=SPI2_NSS
PB1.Signal=SDADC1_AIN5P
PA6.Signal=COMP_DAC21_group
PA5.Locked=true
NVIC.TimeBase=TIM19_IRQn
SPI2.Mode=SPI_MODE_MASTER
RCC.ADCoutputFreq_Value=36000000
ProjectManager.ToolChainLocation=
RCC.LSI_VALUE=40000
NVIC.TimeBaseIP=TIM19
PA10.Signal=SPI2_MOSI
SDADC1.IPParameters=NbrOfConversionFlag
PA15.Signal=I2C1_SCL
PE9.Mode=IN7-Single-Ended
VP_USB_DEVICE_VS_USB_DEVICE_CDC_FS.Signal=USB_DEVICE_VS_USB_DEVICE_CDC_FS
PA5.GPIOParameters=GPIO_PuPd,GPIO_Label
PF7.Locked=true
NVIC.USB_LP_IRQn=true\:0\:0\:false\:false\:true\:false\:true
RCC.I2CFreq_Value=8000000
PB5.GPIO_Label=ENCODER_IN_A
RCC.CECFreq_Value=32786.88524590164
RCC.APB1TimFreq_Value=72000000
NVIC.BusFault_IRQn=true\:0\:0\:false\:false\:true\:false\:false
SPI2.Direction=SPI_DIRECTION_2LINES
PF1-OSC_OUT.Mode=HSE-External-Oscillator
SH.COMP_DAC11_group.ConfNb=1
PA4.GPIO_Label=CH1_VSETDAC
ProjectManager.CustomerFirmwarePackage=
PF1-OSC_OUT.Signal=RCC_OSC_OUT
PB3.Locked=true
PB4.Signal=GPIO_Input
PA3.Signal=USART2_RX
PB3.GPIO_Label=LOAD_CH2_LED
VP_RTC_VS_RTC_Activate.Signal=RTC_VS_RTC_Activate
PA6.GPIOParameters=GPIO_Label
PC15-OSC32_OUT.Mode=LSE-External-Oscillator
ProjectManager.ProjectFileName=PowerHacker.ioc
PB8.GPIOParameters=GPIO_Label
PA10.Mode=Full_Duplex_Master
Mcu.PinsNb=39
ProjectManager.NoMain=false
USB_DEVICE.VirtualModeFS=Cdc_FS
ADC1.IPParameters=Rank-2\#ChannelRegularConversion,Channel-2\#ChannelRegularConversion,SamplingTime-2\#ChannelRegularConversion,NbrOfConversionFlag,NbrOfConversion,master
PA9.GPIO_Label=BUTTON_CHSELECT
PB6.GPIO_PuPd=GPIO_PULLUP
ProjectManager.DefaultFWLocation=true
VP_SYS_VS_tim19.Mode=TIM19
ProjectManager.DeletePrevious=true
PF1-OSC_OUT.Locked=true
RCC.HSIPLLFreq_Value=4000000
RCC.APB1CLKDivider=RCC_HCLK_DIV2
PC14-OSC32_IN.Signal=RCC_OSC32_IN
USB_DEVICE.IPParameters=VirtualMode,VirtualModeFS,CLASS_NAME_FS,LANGID_STRING,MANUFACTURER_STRING,PRODUCT_STRING_CDC_FS
PA9.GPIO_PuPd=GPIO_PULLUP
ADC1.SamplingTime-2\#ChannelRegularConversion=ADC_SAMPLETIME_1CYCLE_5
RCC.FamilyName=M
PE9.GPIOParameters=GPIO_Label
PD8.GPIO_Label=CH2_VREAD_SDADC3
PA13.Signal=SYS_JTMS-SWDIO
PA3.Mode=Asynchronous
PB8.GPIO_Label=LOAD_CH1_LED
PC15-OSC32_OUT.Locked=true
SDADC3.NbrOfConversionFlag=1
PF6.Signal=GPIO_Output
ProjectManager.TargetToolchain=Makefile
USB_DEVICE.PRODUCT_STRING_CDC_FS=ArduCore PowerHacker
RCC.SDADCoutputFreq_Value=6000000
PF6.Locked=true
SH.COMP_DAC11_group.0=DAC1_OUT1,DAC_OUT1
VP_USB_DEVICE_VS_USB_DEVICE_CDC_FS.Mode=CDC_FS
PB9.Mode=NSS_Signal_Hard_Output
SDADC1.NbrOfConversionFlag=1
PB2.GPIOParameters=GPIO_Label
PA9.Signal=GPIO_Input
PB5.Locked=true
SPI2.IPParameters=VirtualType,Mode,Direction,CalculateBaudRate,VirtualNSS
PB4.GPIO_PuPd=GPIO_PULLUP
ProjectManager.RegisterCallBack=
RCC.USBFreq_Value=48000000
PC15-OSC32_OUT.Signal=RCC_OSC32_OUT
PE9.GPIO_Label=CH1_VREAD_SDADC2
PD8.Mode=IN6-Single-Ended
PB1.Locked=true
PF0-OSC_IN.Mode=HSE-External-Oscillator
PB14.Signal=SPI2_MISO
PA5.Signal=GPIO_Input
USB_DEVICE.LANGID_STRING=1033
VP_SDADC1_CONF0.Signal=SDADC1_CONF0
board=custom
ProjectManager.LastFirmware=true
PB15.Mode=IN7-Single-Ended
RCC.VCOOutput2Freq_Value=8000000
RCC.APB2Freq_Value=72000000
SDADC2.IPParameters=NbrOfConversionFlag
MxCube.Version=6.1.0
PB4.GPIO_Label=ENCODER_IN_BTN
Mcu.Pin37=VP_SYS_VS_tim19
Mcu.Pin38=VP_USB_DEVICE_VS_USB_DEVICE_CDC_FS
RCC.PRESCALERUSB=RCC_USBCLKSOURCE_PLL_DIV1_5
PB15.GPIO_Label=CH2_CREAD_SDADC3
Mcu.Pin35=VP_SDADC1_CONF0
RCC.I2C1Freq_Value=8000000
Mcu.Pin36=VP_SDADC2_CONF1
VP_SYS_VS_tim19.Signal=SYS_VS_tim19
VP_ADC1_TempSens_Input.Signal=ADC1_TempSens_Input
Mcu.Pin30=PB7
Mcu.Pin33=VP_ADC1_TempSens_Input
Mcu.Pin34=VP_RTC_VS_RTC_Activate
Mcu.Pin31=PB8
Mcu.Pin32=PB9
PA9.Locked=true
NVIC.NonMaskableInt_IRQn=true\:0\:0\:false\:false\:true\:false\:false
PA4.GPIOParameters=GPIO_Label
NVIC.TIM19_IRQn=true\:0\:0\:false\:false\:true\:false\:true
PB15.GPIOParameters=GPIO_Label
ADC1.NbrOfConversion=1
PA13.Mode=Serial_Wire
ProjectManager.FreePins=false
RCC.IPParameters=ADCoutputFreq_Value,AHBFreq_Value,APB1CLKDivider,APB1Freq_Value,APB1TimFreq_Value,APB2Freq_Value,APB2TimFreq_Value,CECFreq_Value,CortexFreq_Value,FCLKCortexFreq_Value,FamilyName,HCLKFreq_Value,HSEPLLFreq_Value,HSE_VALUE,HSICECFreq_Value,HSIPLLFreq_Value,HSI_VALUE,I2C1Freq_Value,I2CFreq_Value,LSI_VALUE,MCOFreq_Value,PLLCLKFreq_Value,PLLMCOFreq_Value,PLLMUL,PRESCALERUSB,PWRFreq_Value,RTCClockSelection,RTCFreq_Value,RTCHSEDivFreq_Value,SDADCPresc,SDADCoutputFreq_Value,SYSCLKFreq_VALUE,SYSCLKSource,TIM2Freq_Value,USART1Freq_Value,USART2Freq_Value,USART3Freq_Value,USBFreq_Value,VCOOutput2Freq_Value
ProjectManager.AskForMigrate=false
Mcu.Name=STM32F373C(8-B-C)Tx
Mcu.Pin26=PB3
Mcu.Pin27=PB4
RCC.RTCHSEDivFreq_Value=250000
PA2.Signal=USART2_TX
Mcu.Pin24=PA14
ProjectManager.UnderRoot=false
Mcu.Pin25=PA15
PB2.Locked=true
Mcu.IP8=SDADC2
RCC.HSICECFreq_Value=32786.88524590164
Mcu.IP9=SDADC3
Mcu.Pin28=PB5
Mcu.IP6=RTC
Mcu.Pin29=PB6
Mcu.IP7=SDADC1
ProjectManager.CoupleFile=false
PB4.Locked=true
PB3.Signal=GPIO_Output
PA4.Signal=COMP_DAC11_group
RCC.SYSCLKFreq_VALUE=72000000
PB5.Signal=GPIO_Input
Mcu.Pin22=PF6
Mcu.Pin23=PF7
Mcu.Pin20=PA12
VP_SDADC2_CONF1.Signal=SDADC2_CONF1
ADC1.master=1
Mcu.Pin21=PA13
PA12.Mode=Device
PA5.GPIO_Label=BUTTON_CHENABLE
NVIC.ForceEnableDMAVector=true
KeepUserPlacement=false
PB5.GPIO_PuPd=GPIO_PULLUP
NVIC.MemoryManagement_IRQn=true\:0\:0\:false\:false\:true\:false\:false
PB2.Mode=IN4-Single-Ended
ProjectManager.CompilerOptimize=6
PA11.Signal=USB_DM
PB7.Mode=I2C
PA14.Signal=SYS_JTCK-SWCLK
PB2.GPIO_Label=CH1_CREAD_SDADC1
ProjectManager.HeapSize=0x200
Mcu.Pin15=PD8
NVIC.HardFault_IRQn=true\:0\:0\:false\:false\:true\:false\:false
Mcu.Pin16=PA8
PB1.Mode=IN5-Single-Ended
Mcu.Pin13=PB14
PF6.GPIOParameters=GPIO_Label
Mcu.Pin14=PB15
Mcu.Pin19=PA11
SDADC3.IPParameters=NbrOfConversionFlag
ProjectManager.ComputerToolchain=false
Mcu.Pin17=PA9
RCC.HSI_VALUE=8000000
Mcu.Pin18=PA10
NVIC.PriorityGroup=NVIC_PRIORITYGROUP_4
ADC1.NbrOfConversionFlag=1
Mcu.Pin11=PB2
Mcu.Pin12=PE9
Mcu.Pin10=PB1
PA2.Mode=Asynchronous
PB8.Signal=GPIO_Output
RCC.PWRFreq_Value=72000000
PA8.Mode=Full_Duplex_Master
PF0-OSC_IN.Signal=RCC_OSC_IN
RCC.APB1Freq_Value=36000000
PB0.Signal=GPIO_Input
USB_DEVICE.VirtualMode=Cdc
ProjectManager.DeviceId=STM32F373CCTx
ProjectManager.LibraryCopy=1
PB0.GPIO_PuPd=GPIO_PULLUP
PB1.GPIOParameters=GPIO_Label
